// !$*UTF8*$!
{
	archiveVersion = 1;
	classes = {
	};
	objectVersion = 48;
	objects = {

/* Begin PBXBuildFile section */
		6561F36C2008F21E00160A76 /* AppDelegate.m in Sources */ = {isa = PBXBuildFile; fileRef = 6561F36B2008F21E00160A76 /* AppDelegate.m */; };
		6561F36F2008F21E00160A76 /* ViewController.m in Sources */ = {isa = PBXBuildFile; fileRef = 6561F36E2008F21E00160A76 /* ViewController.m */; };
		6561F3722008F21E00160A76 /* Main.storyboard in Resources */ = {isa = PBXBuildFile; fileRef = 6561F3702008F21E00160A76 /* Main.storyboard */; };
		6561F3742008F21E00160A76 /* Assets.xcassets in Resources */ = {isa = PBXBuildFile; fileRef = 6561F3732008F21E00160A76 /* Assets.xcassets */; };
		6561F3772008F21E00160A76 /* LaunchScreen.storyboard in Resources */ = {isa = PBXBuildFile; fileRef = 6561F3752008F21E00160A76 /* LaunchScreen.storyboard */; };
		6561F37A2008F21E00160A76 /* main.m in Sources */ = {isa = PBXBuildFile; fileRef = 6561F3792008F21E00160A76 /* main.m */; };
/* End PBXBuildFile section */

/* Begin PBXFileReference section */
		6561F3672008F21E00160A76 /* GitTestVictoria.app */ = {isa = PBXFileReference; explicitFileType = wrapper.application; includeInIndex = 0; path = GitTestVictoria.app; sourceTree = BUILT_PRODUCTS_DIR; };
		6561F36A2008F21E00160A76 /* AppDelegate.h */ = {isa = PBXFileReference; lastKnownFileType = sourcecode.c.h; path = AppDelegate.h; sourceTree = "<group>"; };
		6561F36B2008F21E00160A76 /* AppDelegate.m */ = {isa = PBXFileReference; lastKnownFileType = sourcecode.c.objc; path = AppDelegate.m; sourceTree = "<group>"; };
		6561F36D2008F21E00160A76 /* ViewController.h */ = {isa = PBXFileReference; lastKnownFileType = sourcecode.c.h; path = ViewController.h; sourceTree = "<group>"; };
		6561F36E2008F21E00160A76 /* ViewController.m */ = {isa = PBXFileReference; lastKnownFileType = sourcecode.c.objc; path = ViewController.m; sourceTree = "<group>"; };
		6561F3712008F21E00160A76 /* Base */ = {isa = PBXFileReference; lastKnownFileType = file.storyboard; name = Base; path = Base.lproj/Main.storyboard; sourceTree = "<group>"; };
		6561F3732008F21E00160A76 /* Assets.xcassets */ = {isa = PBXFileReference; lastKnownFileType = folder.assetcatalog; path = Assets.xcassets; sourceTree = "<group>"; };
		6561F3762008F21E00160A76 /* Base */ = {isa = PBXFileReference; lastKnownFileType = file.storyboard; name = Base; path = Base.lproj/LaunchScreen.storyboard; sourceTree = "<group>"; };
		6561F3782008F21E00160A76 /* Info.plist */ = {isa = PBXFileReference; lastKnownFileType = text.plist.xml; path = Info.plist; sourceTree = "<group>"; };
		6561F3792008F21E00160A76 /* main.m */ = {isa = PBXFileReference; lastKnownFileType = sourcecode.c.objc; path = main.m; sourceTree = "<group>"; };
/* End PBXFileReference section */

/* Begin PBXFrameworksBuildPhase section */
		6561F3642008F21E00160A76 /* Frameworks */ = {
			isa = PBXFrameworksBuildPhase;
			buildActionMask = 2147483647;
			files = (
			);
			runOnlyForDeploymentPostprocessing = 0;
		};
/* End PBXFrameworksBuildPhase section */

/* Begin PBXGroup section */
		6561F35E2008F21E00160A76 = {
			isa = PBXGroup;
			children = (
				6561F3692008F21E00160A76 /* GitTestVictoria */,
				6561F3682008F21E00160A76 /* Products */,
			);
			sourceTree = "<group>";
		};
		6561F3682008F21E00160A76 /* Products */ = {
			isa = PBXGroup;
			children = (
				6561F3672008F21E00160A76 /* GitTestVictoria.app */,
			);
			name = Products;
			sourceTree = "<group>";
		};
		6561F3692008F21E00160A76 /* GitTestVictoria */ = {
			isa = PBXGroup;
			children = (
				6561F36A2008F21E00160A76 /* AppDelegate.h */,
				6561F36B2008F21E00160A76 /* AppDelegate.m */,
				6561F36D2008F21E00160A76 /* ViewController.h */,
				6561F36E2008F21E00160A76 /* ViewController.m */,
				6561F3702008F21E00160A76 /* Main.storyboard */,
				6561F3732008F21E00160A76 /* Assets.xcassets */,
				6561F3752008F21E00160A76 /* LaunchScreen.storyboard */,
				6561F3782008F21E00160A76 /* Info.plist */,
				6561F3792008F21E00160A76 /* main.m */,
			);
			path = GitTestVictoria;
			sourceTree = "<group>";
		};
/* End PBXGroup section */

/* Begin PBXNativeTarget section */
		6561F3662008F21E00160A76 /* GitTestVictoria */ = {
			isa = PBXNativeTarget;
			buildConfigurationList = 6561F37D2008F21E00160A76 /* Build configuration list for PBXNativeTarget "GitTestVictoria" */;
			buildPhases = (
				6561F3632008F21E00160A76 /* Sources */,
				6561F3642008F21E00160A76 /* Frameworks */,
				6561F3652008F21E00160A76 /* Resources */,
			);
			buildRules = (
			);
			dependencies = (
			);
			name = GitTestVictoria;
			productName = GitTestVictoria;
			productReference = 6561F3672008F21E00160A76 /* GitTestVictoria.app */;
			productType = "com.apple.product-type.application";
		};
/* End PBXNativeTarget section */

/* Begin PBXProject section */
		6561F35F2008F21E00160A76 /* Project object */ = {
			isa = PBXProject;
			attributes = {
				LastUpgradeCheck = 0920;
				ORGANIZATIONNAME = "Victoria Grönqvist";
				TargetAttributes = {
					6561F3662008F21E00160A76 = {
						CreatedOnToolsVersion = 9.2;
						ProvisioningStyle = Automatic;
					};
				};
			};
			buildConfigurationList = 6561F3622008F21E00160A76 /* Build configuration list for PBXProject "GitTestVictoria" */;
			compatibilityVersion = "Xcode 8.0";
			developmentRegion = en;
			hasScannedForEncodings = 0;
			knownRegions = (
				en,
				Base,
			);
			mainGroup = 6561F35E2008F21E00160A76;
			productRefGroup = 6561F3682008F21E00160A76 /* Products */;
			projectDirPath = "";
			projectRoot = "";
			targets = (
				6561F3662008F21E00160A76 /* GitTestVictoria */,
			);
		};
/* End PBXProject section */

/* Begin PBXResourcesBuildPhase section */
		6561F3652008F21E00160A76 /* Resources */ = {
			isa = PBXResourcesBuildPhase;
			buildActionMask = 2147483647;
			files = (
				6561F3772008F21E00160A76 /* LaunchScreen.storyboard in Resources */,
				6561F3742008F21E00160A76 /* Assets.xcassets in Resources */,
				6561F3722008F21E00160A76 /* Main.storyboard in Resources */,
			);
			runOnlyForDeploymentPostprocessing = 0;
		};
/* End PBXResourcesBuildPhase section */

/* Begin PBXSourcesBuildPhase section */
		6561F3632008F21E00160A76 /* Sources */ = {
			isa = PBXSourcesBuildPhase;
			buildActionMask = 2147483647;
			files = (
				6561F36F2008F21E00160A76 /* ViewController.m in Sources */,
				6561F37A2008F21E00160A76 /* main.m in Sources */,
				6561F36C2008F21E00160A76 /* AppDelegate.m in Sources */,
			);
			runOnlyForDeploymentPostprocessing = 0;
		};
/* End PBXSourcesBuildPhase section */

/* Begin PBXVariantGroup section */
		6561F3702008F21E00160A76 /* Main.storyboard */ = {
			isa = PBXVariantGroup;
			children = (
				6561F3712008F21E00160A76 /* Base */,
			);
			name = Main.storyboard;
			sourceTree = "<group>";
		};
		6561F3752008F21E00160A76 /* LaunchScreen.storyboard */ = {
			isa = PBXVariantGroup;
			children = (
				6561F3762008F21E00160A76 /* Base */,
			);
			name = LaunchScreen.storyboard;
			sourceTree = "<group>";
		};
/* End PBXVariantGroup section */

/* Begin XCBuildConfiguration section */
		6561F37B2008F21E00160A76 /* Debug */ = {
			isa = XCBuildConfiguration;
			buildSettings = {
				ALWAYS_SEARCH_USER_PATHS = NO;
				CLANG_ANALYZER_NONNULL = YES;
				CLANG_ANALYZER_NUMBER_OBJECT_CONVERSION = YES_AGGRESSIVE;
				CLANG_CXX_LANGUAGE_STANDARD = "gnu++14";
				CLANG_CXX_LIBRARY = "libc++";
				CLANG_ENABLE_MODULES = YES;
				CLANG_ENABLE_OBJC_ARC = YES;
				CLANG_WARN_BLOCK_CAPTURE_AUTORELEASING = YES;
				CLANG_WARN_BOOL_CONVERSION = YES;
				CLANG_WARN_COMMA = YES;
				CLANG_WARN_CONSTANT_CONVERSION = YES;
				CLANG_WARN_DIRECT_OBJC_ISA_USAGE = YES_ERROR;
				CLANG_WARN_DOCUMENTATION_COMMENTS = YES;
				CLANG_WARN_EMPTY_BODY = YES;
				CLANG_WARN_ENUM_CONVERSION = YES;
				CLANG_WARN_INFINITE_RECURSION = YES;
				CLANG_WARN_INT_CONVERSION = YES;
				CLANG_WARN_NON_LITERAL_NULL_CONVERSION = YES;
				CLANG_WARN_OBJC_LITERAL_CONVERSION = YES;
				CLANG_WARN_OBJC_ROOT_CLASS = YES_ERROR;
				CLANG_WARN_RANGE_LOOP_ANALYSIS = YES;
				CLANG_WARN_STRICT_PROTOTYPES = YES;
				CLANG_WARN_SUSPICIOUS_MOVE = YES;
				CLANG_WARN_UNGUARDED_AVAILABILITY = YES_AGGRESSIVE;
				CLANG_WARN_UNREACHABLE_CODE = YES;
				CLANG_WARN__DUPLICATE_METHOD_MATCH = YES;
				CODE_SIGN_IDENTITY = "iPhone Developer";
				COPY_PHASE_STRIP = NO;
				DEBUG_INFORMATION_FORMAT = dwarf;
				ENABLE_STRICT_OBJC_MSGSEND = YES;
				ENABLE_TESTABILITY = YES;
				GCC_C_LANGUAGE_STANDARD = gnu11;
				GCC_DYNAMIC_NO_PIC = NO;
				GCC_NO_COMMON_BLOCKS = YES;
				GCC_OPTIMIZATION_LEVEL = 0;
				GCC_PREPROCESSOR_DEFINITIONS = (
					"DEBUG=1",
					"$(inherited)",
				);
				GCC_WARN_64_TO_32_BIT_CONVERSION = YES;
				GCC_WARN_ABOUT_RETURN_TYPE = YES_ERROR;
				GCC_WARN_UNDECLARED_SELECTOR = YES;
				GCC_WARN_UNINITIALIZED_AUTOS = YES_AGGRESSIVE;
				GCC_WARN_UNUSED_FUNCTION = YES;
				GCC_WARN_UNUSED_VARIABLE = YES;
				IPHONEOS_DEPLOYMENT_TARGET = 11.2;
				MTL_ENABLE_DEBUG_INFO = YES;
				ONLY_ACTIVE_ARCH = YES;
				SDKROOT = iphoneos;
			};
			name = Debug;
		};
		6561F37C2008F21E00160A76 /* Release */ = {
			isa = XCBuildConfiguration;
			buildSettings = {
				ALWAYS_SEARCH_USER_PATHS = NO;
				CLANG_ANALYZER_NONNULL = YES;
				CLANG_ANALYZER_NUMBER_OBJECT_CONVERSION = YES_AGGRESSIVE;
				CLANG_CXX_LANGUAGE_STANDARD = "gnu++14";
				CLANG_CXX_LIBRARY = "libc++";
				CLANG_ENABLE_MODULES = YES;
				CLANG_ENABLE_OBJC_ARC = YES;
				CLANG_WARN_BLOCK_CAPTURE_AUTORELEASING = YES;
				CLANG_WARN_BOOL_CONVERSION = YES;
				CLANG_WARN_COMMA = YES;
				CLANG_WARN_CONSTANT_CONVERSION = YES;
				CLANG_WARN_DIRECT_OBJC_ISA_USAGE = YES_ERROR;
				CLANG_WARN_DOCUMENTATION_COMMENTS = YES;
				CLANG_WARN_EMPTY_BODY = YES;
				CLANG_WARN_ENUM_CONVERSION = YES;
				CLANG_WARN_INFINITE_RECURSION = YES;
				CLANG_WARN_INT_CONVERSION = YES;
				CLANG_WARN_NON_LITERAL_NULL_CONVERSION = YES;
				CLANG_WARN_OBJC_LITERAL_CONVERSION = YES;
				CLANG_WARN_OBJC_ROOT_CLASS = YES_ERROR;
				CLANG_WARN_RANGE_LOOP_ANALYSIS = YES;
				CLANG_WARN_STRICT_PROTOTYPES = YES;
				CLANG_WARN_SUSPICIOUS_MOVE = YES;
				CLANG_WARN_UNGUARDED_AVAILABILITY = YES_AGGRESSIVE;
				CLANG_WARN_UNREACHABLE_CODE = YES;
				CLANG_WARN__DUPLICATE_METHOD_MATCH = YES;
				CODE_SIGN_IDENTITY = "iPhone Developer";
				COPY_PHASE_STRIP = NO;
				DEBUG_INFORMATION_FORMAT = "dwarf-with-dsym";
				ENABLE_NS_ASSERTIONS = NO;
				ENABLE_STRICT_OBJC_MSGSEND = YES;
				GCC_C_LANGUAGE_STANDARD = gnu11;
				GCC_NO_COMMON_BLOCKS = YES;
				GCC_WARN_64_TO_32_BIT_CONVERSION = YES;
				GCC_WARN_ABOUT_RETURN_TYPE = YES_ERROR;
				GCC_WARN_UNDECLARED_SELECTOR = YES;
				GCC_WARN_UNINITIALIZED_AUTOS = YES_AGGRESSIVE;
				GCC_WARN_UNUSED_FUNCTION = YES;
				GCC_WARN_UNUSED_VARIABLE = YES;
				IPHONEOS_DEPLOYMENT_TARGET = 11.2;
				MTL_ENABLE_DEBUG_INFO = NO;
				SDKROOT = iphoneos;
				VALIDATE_PRODUCT = YES;
			};
			name = Release;
		};
		6561F37E2008F21E00160A76 /* Debug */ = {
			isa = XCBuildConfiguration;
			buildSettings = {
				ASSETCATALOG_COMPILER_APPICON_NAME = AppIcon;
				CODE_SIGN_STYLE = Automatic;
				INFOPLIST_FILE = GitTestVictoria/Info.plist;
				LD_RUNPATH_SEARCH_PATHS = "$(inherited) @executable_path/Frameworks";
				PRODUCT_BUNDLE_IDENTIFIER = VG.GitTestVictoria;
				PRODUCT_NAME = "$(TARGET_NAME)";
				TARGETED_DEVICE_FAMILY = "1,2";
			};
			name = Debug;
		};
		6561F37F2008F21E00160A76 /* Release */ = {
			isa = XCBuildConfiguration;
			buildSettings = {
				ASSETCATALOG_COMPILER_APPICON_NAME = AppIcon;
				CODE_SIGN_STYLE = Automatic;
				INFOPLIST_FILE = GitTestVictoria/Info.plist;
				LD_RUNPATH_SEARCH_PATHS = "$(inherited) @executable_path/Frameworks";
				PRODUCT_BUNDLE_IDENTIFIER = VG.GitTestVictoria;
				PRODUCT_NAME = "$(TARGET_NAME)";
				TARGETED_DEVICE_FAMILY = "1,2";
			};
			name = Release;
		};
/* End XCBuildConfiguration section */

/* Begin XCConfigurationList section */
		6561F3622008F21E00160A76 /* Build configuration list for PBXProject "GitTestVictoria" */ = {
			isa = XCConfigurationList;
			buildConfigurations = (
				6561F37B2008F21E00160A76 /* Debug */,
				6561F37C2008F21E00160A76 /* Release */,
			);
			defaultConfigurationIsVisible = 0;
			defaultConfigurationName = Release;
		};
		6561F37D2008F21E00160A76 /* Build configuration list for PBXNativeTarget "GitTestVictoria" */ = {
			isa = XCConfigurationList;
			buildConfigurations = (
				6561F37E2008F21E00160A76 /* Debug */,
				6561F37F2008F21E00160A76 /* Release */,
			);
			defaultConfigurationIsVisible = 0;
			defaultConfigurationName = Release;
		};
/* End XCConfigurationList section */
	};
	rootObject = 6561F35F2008F21E00160A76 /* Project object */;
}
